
Microsoft Visual Studio Solution File, Format Version 12.00
# Visual Studio 14
VisualStudioVersion = 14.0.23107.0
MinimumVisualStudioVersion = 10.0.40219.1
Project("{FAE04EC0-301F-11D3-BF4B-00C04F79EFBC}") = "Delta Kinematics Automatic Calibration", "WindowsFormsApplication1\Delta Kinematics Automatic Calibration.csproj", "{8E226CFF-2745-473D-B6EF-9587B661F08C}"
EndProject
Global
	GlobalSection(SolutionConfigurationPlatforms) = preSolution
		Debug|Any CPU = Debug|Any CPU
		Release|Any CPU = Release|Any CPU
	EndGlobalSection
	GlobalSection(ProjectConfigurationPlatforms) = postSolution
		{8E226CFF-2745-473D-B6EF-9587B661F08C}.Debug|Any CPU.ActiveCfg = Debug|Any CPU
		{8E226CFF-2745-473D-B6EF-9587B661F08C}.Debug|Any CPU.Build.0 = Debug|Any CPU
		{8E226CFF-2745-473D-B6EF-9587B661F08C}.Release|Any CPU.ActiveCfg = Release|Any CPU
		{8E226CFF-2745-473D-B6EF-9587B661F08C}.Release|Any CPU.Build.0 = Release|Any CPU
	EndGlobalSection
	GlobalSection(SolutionProperties) = preSolution
		HideSolutionNode = FALSE
	EndGlobalSection
EndGlobal
